{
  "name": "creator",
  "lockfileVersion": 3,
  "requires": true,
  "packages": {
    "": {
      "dependencies": {
        "bcryptjs": "^2.4.3",
        "whirlpool-hash": "^1.1.6"
      }
    },
    "node_modules/bcryptjs": {
      "version": "2.4.3",
      "resolved": "https://registry.npmjs.org/bcryptjs/-/bcryptjs-2.4.3.tgz",
      "integrity": "sha512-V/Hy/X9Vt7f3BbPJEi8BdVFMByHi+jNXrYkW3huaybV/kQ0KJg0Y6PkEMbn+zeT+i+SiKZ/HMqJGIIt4LZDqNQ=="
    },
    "node_modules/whirlpool-hash": {
      "version": "1.1.6",
      "resolved": "https://registry.npmjs.org/whirlpool-hash/-/whirlpool-hash-1.1.6.tgz",
      "integrity": "sha512-gFW87Y2MLiLdHSp7ZJ5m7cbu0Rvv5tVnzk+roBE7L3fPS5HxjGlwItZ1NH2jDoJ5wTmW6m/FhSEO9bPnUFzJfQ=="
    }
  }
}
